
Microsoft Visual Studio Solution File, Format Version 12.00
# Visual Studio 15
VisualStudioVersion = 15.0.28010.2036
MinimumVisualStudioVersion = 10.0.40219.1
Project("{FAE04EC0-301F-11D3-BF4B-00C04F79EFBC}") = "ThePestApplication", "ThePestApplication\ThePestApplication.csproj", "{5479D225-0807-4A0C-B5EE-2DF2AA08452C}"
EndProject
Global
	GlobalSection(SolutionConfigurationPlatforms) = preSolution
		Debug|Any CPU = Debug|Any CPU
		Release|Any CPU = Release|Any CPU
	EndGlobalSection
	GlobalSection(ProjectConfigurationPlatforms) = postSolution
		{5479D225-0807-4A0C-B5EE-2DF2AA08452C}.Debug|Any CPU.ActiveCfg = Debug|Any CPU
		{5479D225-0807-4A0C-B5EE-2DF2AA08452C}.Debug|Any CPU.Build.0 = Debug|Any CPU
		{5479D225-0807-4A0C-B5EE-2DF2AA08452C}.Release|Any CPU.ActiveCfg = Release|Any CPU
		{5479D225-0807-4A0C-B5EE-2DF2AA08452C}.Release|Any CPU.Build.0 = Release|Any CPU
	EndGlobalSection
	GlobalSection(SolutionProperties) = preSolution
		HideSolutionNode = FALSE
	EndGlobalSection
	GlobalSection(ExtensibilityGlobals) = postSolution
		SolutionGuid = {E0AEB748-EFD2-4A68-AAC1-98840BABC8BF}
	EndGlobalSection
EndGlobal
